# This file is autogenerated, do not edit; changes may be undone by the next 'dep ensure'.


[[projects]]
  name = "github.com/davecgh/go-spew"
  packages = ["spew"]
  revision = "346938d642f2ec3594ed81d874461961cd0faa76"
  version = "v1.1.0"

[[projects]]
  branch = "master"
  name = "github.com/mitchellh/go-wordwrap"
  packages = ["."]
  revision = "ad45545899c7b13c020ea92b2072220eefad42b8"

[[projects]]
  name = "github.com/palantir/godel"
  packages = ["pkg/products"]
  revision = "72980152c87cea9b2d523d853fa0bf7ae103b675"

[[projects]]
  name = "github.com/palantir/pkg"
  packages = [
    "cli",
    "cli/completion",
    "cli/flag"
  ]
  revision = "4681eba9db5e148762f0ffa37ac6589bfe6c1368"

[[projects]]
  name = "github.com/pkg/errors"
  packages = ["."]
  revision = "248dadf4e9068a0b3e79f02ed0a610d935de5302"

[[projects]]
  name = "github.com/pmezard/go-difflib"
  packages = ["difflib"]
  revision = "792786c7400a136282c1664665ae0a8db921c6c2"
  version = "v1.0.0"

[[projects]]
  name = "github.com/stretchr/testify"
  packages = [
    "assert",
    "require"
  ]
  revision = "18a02ba4a312f95da08ff4cfc0055750ce50ae9e"

[[projects]]
  name = "golang.org/x/crypto"
  packages = ["ssh/terminal"]
  revision = "453249f01cfeb54c3d549ddb75ff152ca243f9d8"

[[projects]]
  name = "golang.org/x/sys"
  packages = ["unix"]
  revision = "e24f485414aeafb646f6fca458b0bf869c0880a1"

[[projects]]
  name = "gopkg.in/validator.v2"
  packages = ["."]
  revision = "0a9835d809fb647a62611d30cb792e0b5dd65b11"

[[projects]]
  name = "gopkg.in/yaml.v2"
  packages = ["."]
  revision = "a83829b6f1293c91addabc89d0571c246397bbf4"

[solve-meta]
  analyzer-name = "dep"
  analyzer-version = 1
  inputs-digest = "3b8a34d5bdd7ef465b01c91574f3395b417d775dbf4009e3c0c13604283ad2a5"
  solver-name = "gps-cdcl"
  solver-version = 1
